// !$*UTF8*$!
{
	archiveVersion = 1;
	classes = {
	};
	objectVersion = 55;
	objects = {

/* Begin PBXBuildFile section */
		010BA5D83930F6E5CAF34FE7 /* Pods_SocialSearchHub.framework in Frameworks */ = {isa = PBXBuildFile; fileRef = BBBCC01A1F0F1F9589458AAB /* Pods_SocialSearchHub.framework */; };
		25EAB175A8F24E7D7BDB410D /* Pods_SocialSearchHubTests.framework in Frameworks */ = {isa = PBXBuildFile; fileRef = D71D1CF9B18B7B11F83CE7BB /* Pods_SocialSearchHubTests.framework */; };
		2CC575CBFE96E4E1F5D9CDC9 /* Pods_SocialSearchHub_SocialSearchHubUITests.framework in Frameworks */ = {isa = PBXBuildFile; fileRef = 6B6F0EF7763C125CA6D60D34 /* Pods_SocialSearchHub_SocialSearchHubUITests.framework */; };
		A46D47F627F46D8C0091D56F /* SettingsViewController.swift in Sources */ = {isa = PBXBuildFile; fileRef = A46D47F527F46D8C0091D56F /* SettingsViewController.swift */; };
		A46D47F827F46EAA0091D56F /* HomeFeedViewController.swift in Sources */ = {isa = PBXBuildFile; fileRef = A46D47F727F46EAA0091D56F /* HomeFeedViewController.swift */; };
		A494F47527F3D7FB00A01E8C /* AppDelegate.swift in Sources */ = {isa = PBXBuildFile; fileRef = A494F47427F3D7FB00A01E8C /* AppDelegate.swift */; };
		A494F47727F3D7FB00A01E8C /* SceneDelegate.swift in Sources */ = {isa = PBXBuildFile; fileRef = A494F47627F3D7FB00A01E8C /* SceneDelegate.swift */; };
		A494F47927F3D7FB00A01E8C /* LoginViewController.swift in Sources */ = {isa = PBXBuildFile; fileRef = A494F47827F3D7FB00A01E8C /* LoginViewController.swift */; };
		A494F47C27F3D7FB00A01E8C /* Main.storyboard in Resources */ = {isa = PBXBuildFile; fileRef = A494F47A27F3D7FB00A01E8C /* Main.storyboard */; };
		A494F47E27F3D80400A01E8C /* Assets.xcassets in Resources */ = {isa = PBXBuildFile; fileRef = A494F47D27F3D80400A01E8C /* Assets.xcassets */; };
		A494F48127F3D80400A01E8C /* LaunchScreen.storyboard in Resources */ = {isa = PBXBuildFile; fileRef = A494F47F27F3D80400A01E8C /* LaunchScreen.storyboard */; };
		A494F48C27F3D80400A01E8C /* SocialSearchHubTests.swift in Sources */ = {isa = PBXBuildFile; fileRef = A494F48B27F3D80400A01E8C /* SocialSearchHubTests.swift */; };
		A494F49627F3D80400A01E8C /* SocialSearchHubUITests.swift in Sources */ = {isa = PBXBuildFile; fileRef = A494F49527F3D80400A01E8C /* SocialSearchHubUITests.swift */; };
		A494F49827F3D80400A01E8C /* SocialSearchHubUITestsLaunchTests.swift in Sources */ = {isa = PBXBuildFile; fileRef = A494F49727F3D80400A01E8C /* SocialSearchHubUITestsLaunchTests.swift */; };
		A494F4A927F3EC3B00A01E8C /* SocialMediaAPI.swift in Sources */ = {isa = PBXBuildFile; fileRef = A494F4A827F3EC3A00A01E8C /* SocialMediaAPI.swift */; };
		A494F4AD27F3EF1000A01E8C /* SignUpViewController.swift in Sources */ = {isa = PBXBuildFile; fileRef = A494F4AC27F3EF1000A01E8C /* SignUpViewController.swift */; };
		A494F4AF27F3F2DC00A01E8C /* ProfileViewController.swift in Sources */ = {isa = PBXBuildFile; fileRef = A494F4AE27F3F2DC00A01E8C /* ProfileViewController.swift */; };
		A4A0DF9627FC7BDB00C96FD8 /* FavoriteSearchTermTableViewCell.swift in Sources */ = {isa = PBXBuildFile; fileRef = A4A0DF9527FC7BDB00C96FD8 /* FavoriteSearchTermTableViewCell.swift */; };
		F9B06DE32804FB7200033543 /* TweetCell.swift in Sources */ = {isa = PBXBuildFile; fileRef = F9B06DE22804FB7200033543 /* TweetCell.swift */; };
		F9FD38272805247D00114A2D /* InstagramCell.swift in Sources */ = {isa = PBXBuildFile; fileRef = F9FD38262805247D00114A2D /* InstagramCell.swift */; };
/* End PBXBuildFile section */

/* Begin PBXContainerItemProxy section */
		A494F48827F3D80400A01E8C /* PBXContainerItemProxy */ = {
			isa = PBXContainerItemProxy;
			containerPortal = A494F46927F3D7FA00A01E8C /* Project object */;
			proxyType = 1;
			remoteGlobalIDString = A494F47027F3D7FB00A01E8C;
			remoteInfo = SocialSearchHub;
		};
		A494F49227F3D80400A01E8C /* PBXContainerItemProxy */ = {
			isa = PBXContainerItemProxy;
			containerPortal = A494F46927F3D7FA00A01E8C /* Project object */;
			proxyType = 1;
			remoteGlobalIDString = A494F47027F3D7FB00A01E8C;
			remoteInfo = SocialSearchHub;
		};
/* End PBXContainerItemProxy section */

/* Begin PBXFileReference section */
		3011B9ADE597ED08184984D4 /* Pods-SocialSearchHubTests.release.xcconfig */ = {isa = PBXFileReference; includeInIndex = 1; lastKnownFileType = text.xcconfig; name = "Pods-SocialSearchHubTests.release.xcconfig"; path = "Target Support Files/Pods-SocialSearchHubTests/Pods-SocialSearchHubTests.release.xcconfig"; sourceTree = "<group>"; };
		4BBD7FD860D546A47938BF87 /* Pods-SocialSearchHub.debug.xcconfig */ = {isa = PBXFileReference; includeInIndex = 1; lastKnownFileType = text.xcconfig; name = "Pods-SocialSearchHub.debug.xcconfig"; path = "Target Support Files/Pods-SocialSearchHub/Pods-SocialSearchHub.debug.xcconfig"; sourceTree = "<group>"; };
		503507FA0C16E964D526ED02 /* Pods-SocialSearchHub-SocialSearchHubUITests.debug.xcconfig */ = {isa = PBXFileReference; includeInIndex = 1; lastKnownFileType = text.xcconfig; name = "Pods-SocialSearchHub-SocialSearchHubUITests.debug.xcconfig"; path = "Target Support Files/Pods-SocialSearchHub-SocialSearchHubUITests/Pods-SocialSearchHub-SocialSearchHubUITests.debug.xcconfig"; sourceTree = "<group>"; };
		6239DC4682A8DD94A30A62F9 /* Pods-SocialSearchHubTests.debug.xcconfig */ = {isa = PBXFileReference; includeInIndex = 1; lastKnownFileType = text.xcconfig; name = "Pods-SocialSearchHubTests.debug.xcconfig"; path = "Target Support Files/Pods-SocialSearchHubTests/Pods-SocialSearchHubTests.debug.xcconfig"; sourceTree = "<group>"; };
		6B6F0EF7763C125CA6D60D34 /* Pods_SocialSearchHub_SocialSearchHubUITests.framework */ = {isa = PBXFileReference; explicitFileType = wrapper.framework; includeInIndex = 0; path = Pods_SocialSearchHub_SocialSearchHubUITests.framework; sourceTree = BUILT_PRODUCTS_DIR; };
		A46D47F527F46D8C0091D56F /* SettingsViewController.swift */ = {isa = PBXFileReference; lastKnownFileType = sourcecode.swift; path = SettingsViewController.swift; sourceTree = "<group>"; };
		A46D47F727F46EAA0091D56F /* HomeFeedViewController.swift */ = {isa = PBXFileReference; lastKnownFileType = sourcecode.swift; path = HomeFeedViewController.swift; sourceTree = "<group>"; };
		A494F47127F3D7FB00A01E8C /* SocialSearchHub.app */ = {isa = PBXFileReference; explicitFileType = wrapper.application; includeInIndex = 0; path = SocialSearchHub.app; sourceTree = BUILT_PRODUCTS_DIR; };
		A494F47427F3D7FB00A01E8C /* AppDelegate.swift */ = {isa = PBXFileReference; lastKnownFileType = sourcecode.swift; path = AppDelegate.swift; sourceTree = "<group>"; };
		A494F47627F3D7FB00A01E8C /* SceneDelegate.swift */ = {isa = PBXFileReference; lastKnownFileType = sourcecode.swift; path = SceneDelegate.swift; sourceTree = "<group>"; };
		A494F47827F3D7FB00A01E8C /* LoginViewController.swift */ = {isa = PBXFileReference; lastKnownFileType = sourcecode.swift; path = LoginViewController.swift; sourceTree = "<group>"; };
		A494F47B27F3D7FB00A01E8C /* Base */ = {isa = PBXFileReference; lastKnownFileType = file.storyboard; name = Base; path = Base.lproj/Main.storyboard; sourceTree = "<group>"; };
		A494F47D27F3D80400A01E8C /* Assets.xcassets */ = {isa = PBXFileReference; lastKnownFileType = folder.assetcatalog; path = Assets.xcassets; sourceTree = "<group>"; };
		A494F48027F3D80400A01E8C /* Base */ = {isa = PBXFileReference; lastKnownFileType = file.storyboard; name = Base; path = Base.lproj/LaunchScreen.storyboard; sourceTree = "<group>"; };
		A494F48227F3D80400A01E8C /* Info.plist */ = {isa = PBXFileReference; lastKnownFileType = text.plist.xml; path = Info.plist; sourceTree = "<group>"; };
		A494F48727F3D80400A01E8C /* SocialSearchHubTests.xctest */ = {isa = PBXFileReference; explicitFileType = wrapper.cfbundle; includeInIndex = 0; path = SocialSearchHubTests.xctest; sourceTree = BUILT_PRODUCTS_DIR; };
		A494F48B27F3D80400A01E8C /* SocialSearchHubTests.swift */ = {isa = PBXFileReference; lastKnownFileType = sourcecode.swift; path = SocialSearchHubTests.swift; sourceTree = "<group>"; };
		A494F49127F3D80400A01E8C /* SocialSearchHubUITests.xctest */ = {isa = PBXFileReference; explicitFileType = wrapper.cfbundle; includeInIndex = 0; path = SocialSearchHubUITests.xctest; sourceTree = BUILT_PRODUCTS_DIR; };
		A494F49527F3D80400A01E8C /* SocialSearchHubUITests.swift */ = {isa = PBXFileReference; lastKnownFileType = sourcecode.swift; path = SocialSearchHubUITests.swift; sourceTree = "<group>"; };
		A494F49727F3D80400A01E8C /* SocialSearchHubUITestsLaunchTests.swift */ = {isa = PBXFileReference; lastKnownFileType = sourcecode.swift; path = SocialSearchHubUITestsLaunchTests.swift; sourceTree = "<group>"; };
		A494F4A827F3EC3A00A01E8C /* SocialMediaAPI.swift */ = {isa = PBXFileReference; lastKnownFileType = sourcecode.swift; path = SocialMediaAPI.swift; sourceTree = "<group>"; };
		A494F4AC27F3EF1000A01E8C /* SignUpViewController.swift */ = {isa = PBXFileReference; lastKnownFileType = sourcecode.swift; path = SignUpViewController.swift; sourceTree = "<group>"; };
		A494F4AE27F3F2DC00A01E8C /* ProfileViewController.swift */ = {isa = PBXFileReference; lastKnownFileType = sourcecode.swift; path = ProfileViewController.swift; sourceTree = "<group>"; };
		A4A0DF9527FC7BDB00C96FD8 /* FavoriteSearchTermTableViewCell.swift */ = {isa = PBXFileReference; lastKnownFileType = sourcecode.swift; path = FavoriteSearchTermTableViewCell.swift; sourceTree = "<group>"; };
		BBBCC01A1F0F1F9589458AAB /* Pods_SocialSearchHub.framework */ = {isa = PBXFileReference; explicitFileType = wrapper.framework; includeInIndex = 0; path = Pods_SocialSearchHub.framework; sourceTree = BUILT_PRODUCTS_DIR; };
		D1CE01BCB105F38F2850CD38 /* Pods-SocialSearchHub-SocialSearchHubUITests.release.xcconfig */ = {isa = PBXFileReference; includeInIndex = 1; lastKnownFileType = text.xcconfig; name = "Pods-SocialSearchHub-SocialSearchHubUITests.release.xcconfig"; path = "Target Support Files/Pods-SocialSearchHub-SocialSearchHubUITests/Pods-SocialSearchHub-SocialSearchHubUITests.release.xcconfig"; sourceTree = "<group>"; };
		D71D1CF9B18B7B11F83CE7BB /* Pods_SocialSearchHubTests.framework */ = {isa = PBXFileReference; explicitFileType = wrapper.framework; includeInIndex = 0; path = Pods_SocialSearchHubTests.framework; sourceTree = BUILT_PRODUCTS_DIR; };
		F7E49E7A0F8A0E2F9A8C853C /* Pods-SocialSearchHub.release.xcconfig */ = {isa = PBXFileReference; includeInIndex = 1; lastKnownFileType = text.xcconfig; name = "Pods-SocialSearchHub.release.xcconfig"; path = "Target Support Files/Pods-SocialSearchHub/Pods-SocialSearchHub.release.xcconfig"; sourceTree = "<group>"; };
		F9B06DE22804FB7200033543 /* TweetCell.swift */ = {isa = PBXFileReference; lastKnownFileType = sourcecode.swift; path = TweetCell.swift; sourceTree = "<group>"; };
		F9FD38262805247D00114A2D /* InstagramCell.swift */ = {isa = PBXFileReference; lastKnownFileType = sourcecode.swift; path = InstagramCell.swift; sourceTree = "<group>"; };
/* End PBXFileReference section */

/* Begin PBXFrameworksBuildPhase section */
		A494F46E27F3D7FB00A01E8C /* Frameworks */ = {
			isa = PBXFrameworksBuildPhase;
			buildActionMask = 2147483647;
			files = (
				010BA5D83930F6E5CAF34FE7 /* Pods_SocialSearchHub.framework in Frameworks */,
			);
			runOnlyForDeploymentPostprocessing = 0;
		};
		A494F48427F3D80400A01E8C /* Frameworks */ = {
			isa = PBXFrameworksBuildPhase;
			buildActionMask = 2147483647;
			files = (
				25EAB175A8F24E7D7BDB410D /* Pods_SocialSearchHubTests.framework in Frameworks */,
			);
			runOnlyForDeploymentPostprocessing = 0;
		};
		A494F48E27F3D80400A01E8C /* Frameworks */ = {
			isa = PBXFrameworksBuildPhase;
			buildActionMask = 2147483647;
			files = (
				2CC575CBFE96E4E1F5D9CDC9 /* Pods_SocialSearchHub_SocialSearchHubUITests.framework in Frameworks */,
			);
			runOnlyForDeploymentPostprocessing = 0;
		};
/* End PBXFrameworksBuildPhase section */

/* Begin PBXGroup section */
		3FF349A40D2E3FC577CACAC8 /* Frameworks */ = {
			isa = PBXGroup;
			children = (
				BBBCC01A1F0F1F9589458AAB /* Pods_SocialSearchHub.framework */,
				6B6F0EF7763C125CA6D60D34 /* Pods_SocialSearchHub_SocialSearchHubUITests.framework */,
				D71D1CF9B18B7B11F83CE7BB /* Pods_SocialSearchHubTests.framework */,
			);
			name = Frameworks;
			sourceTree = "<group>";
		};
		84009A78485408DBC4130BE8 /* Pods */ = {
			isa = PBXGroup;
			children = (
				4BBD7FD860D546A47938BF87 /* Pods-SocialSearchHub.debug.xcconfig */,
				F7E49E7A0F8A0E2F9A8C853C /* Pods-SocialSearchHub.release.xcconfig */,
				503507FA0C16E964D526ED02 /* Pods-SocialSearchHub-SocialSearchHubUITests.debug.xcconfig */,
				D1CE01BCB105F38F2850CD38 /* Pods-SocialSearchHub-SocialSearchHubUITests.release.xcconfig */,
				6239DC4682A8DD94A30A62F9 /* Pods-SocialSearchHubTests.debug.xcconfig */,
				3011B9ADE597ED08184984D4 /* Pods-SocialSearchHubTests.release.xcconfig */,
			);
			path = Pods;
			sourceTree = "<group>";
		};
		A494F46827F3D7FA00A01E8C = {
			isa = PBXGroup;
			children = (
				A494F47327F3D7FB00A01E8C /* SocialSearchHub */,
				A494F48A27F3D80400A01E8C /* SocialSearchHubTests */,
				A494F49427F3D80400A01E8C /* SocialSearchHubUITests */,
				A494F47227F3D7FB00A01E8C /* Products */,
				84009A78485408DBC4130BE8 /* Pods */,
				3FF349A40D2E3FC577CACAC8 /* Frameworks */,
			);
			sourceTree = "<group>";
		};
		A494F47227F3D7FB00A01E8C /* Products */ = {
			isa = PBXGroup;
			children = (
				A494F47127F3D7FB00A01E8C /* SocialSearchHub.app */,
				A494F48727F3D80400A01E8C /* SocialSearchHubTests.xctest */,
				A494F49127F3D80400A01E8C /* SocialSearchHubUITests.xctest */,
			);
			name = Products;
			sourceTree = "<group>";
		};
		A494F47327F3D7FB00A01E8C /* SocialSearchHub */ = {
			isa = PBXGroup;
			children = (
				A494F47427F3D7FB00A01E8C /* AppDelegate.swift */,
				A494F47627F3D7FB00A01E8C /* SceneDelegate.swift */,
				A494F47827F3D7FB00A01E8C /* LoginViewController.swift */,
				A46D47F727F46EAA0091D56F /* HomeFeedViewController.swift */,
				A494F47A27F3D7FB00A01E8C /* Main.storyboard */,
				A46D47F527F46D8C0091D56F /* SettingsViewController.swift */,
				A494F4AE27F3F2DC00A01E8C /* ProfileViewController.swift */,
				A4A0DF9527FC7BDB00C96FD8 /* FavoriteSearchTermTableViewCell.swift */,
				A494F4AC27F3EF1000A01E8C /* SignUpViewController.swift */,
				A494F4A827F3EC3A00A01E8C /* SocialMediaAPI.swift */,
				A494F47D27F3D80400A01E8C /* Assets.xcassets */,
				A494F47F27F3D80400A01E8C /* LaunchScreen.storyboard */,
				A494F48227F3D80400A01E8C /* Info.plist */,
				F9B06DE22804FB7200033543 /* TweetCell.swift */,
				F9FD38262805247D00114A2D /* InstagramCell.swift */,
			);
			path = SocialSearchHub;
			sourceTree = "<group>";
		};
		A494F48A27F3D80400A01E8C /* SocialSearchHubTests */ = {
			isa = PBXGroup;
			children = (
				A494F48B27F3D80400A01E8C /* SocialSearchHubTests.swift */,
			);
			path = SocialSearchHubTests;
			sourceTree = "<group>";
		};
		A494F49427F3D80400A01E8C /* SocialSearchHubUITests */ = {
			isa = PBXGroup;
			children = (
				A494F49527F3D80400A01E8C /* SocialSearchHubUITests.swift */,
				A494F49727F3D80400A01E8C /* SocialSearchHubUITestsLaunchTests.swift */,
			);
			path = SocialSearchHubUITests;
			sourceTree = "<group>";
		};
/* End PBXGroup section */

/* Begin PBXNativeTarget section */
		A494F47027F3D7FB00A01E8C /* SocialSearchHub */ = {
			isa = PBXNativeTarget;
			buildConfigurationList = A494F49B27F3D80400A01E8C /* Build configuration list for PBXNativeTarget "SocialSearchHub" */;
			buildPhases = (
				676F32A261A8CB91FB79117F /* [CP] Check Pods Manifest.lock */,
				A494F46D27F3D7FB00A01E8C /* Sources */,
				A494F46E27F3D7FB00A01E8C /* Frameworks */,
				A494F46F27F3D7FB00A01E8C /* Resources */,
				C7FC09E96B40041F5A50A2C2 /* [CP] Embed Pods Frameworks */,
			);
			buildRules = (
			);
			dependencies = (
			);
			name = SocialSearchHub;
			productName = SocialSearchHub;
			productReference = A494F47127F3D7FB00A01E8C /* SocialSearchHub.app */;
			productType = "com.apple.product-type.application";
		};
		A494F48627F3D80400A01E8C /* SocialSearchHubTests */ = {
			isa = PBXNativeTarget;
			buildConfigurationList = A494F49E27F3D80400A01E8C /* Build configuration list for PBXNativeTarget "SocialSearchHubTests" */;
			buildPhases = (
				37AE02BF95CBBBB0FD3D5E91 /* [CP] Check Pods Manifest.lock */,
				A494F48327F3D80400A01E8C /* Sources */,
				A494F48427F3D80400A01E8C /* Frameworks */,
				A494F48527F3D80400A01E8C /* Resources */,
			);
			buildRules = (
			);
			dependencies = (
				A494F48927F3D80400A01E8C /* PBXTargetDependency */,
			);
			name = SocialSearchHubTests;
			productName = SocialSearchHubTests;
			productReference = A494F48727F3D80400A01E8C /* SocialSearchHubTests.xctest */;
			productType = "com.apple.product-type.bundle.unit-test";
		};
		A494F49027F3D80400A01E8C /* SocialSearchHubUITests */ = {
			isa = PBXNativeTarget;
			buildConfigurationList = A494F4A127F3D80400A01E8C /* Build configuration list for PBXNativeTarget "SocialSearchHubUITests" */;
			buildPhases = (
				5AD8FC19A719B1F00D053359 /* [CP] Check Pods Manifest.lock */,
				A494F48D27F3D80400A01E8C /* Sources */,
				A494F48E27F3D80400A01E8C /* Frameworks */,
				A494F48F27F3D80400A01E8C /* Resources */,
				34B5F6E66BB0228D4ACA07FD /* [CP] Embed Pods Frameworks */,
			);
			buildRules = (
			);
			dependencies = (
				A494F49327F3D80400A01E8C /* PBXTargetDependency */,
			);
			name = SocialSearchHubUITests;
			productName = SocialSearchHubUITests;
			productReference = A494F49127F3D80400A01E8C /* SocialSearchHubUITests.xctest */;
			productType = "com.apple.product-type.bundle.ui-testing";
		};
/* End PBXNativeTarget section */

/* Begin PBXProject section */
		A494F46927F3D7FA00A01E8C /* Project object */ = {
			isa = PBXProject;
			attributes = {
				BuildIndependentTargetsInParallel = 1;
				LastSwiftUpdateCheck = 1320;
				LastUpgradeCheck = 1320;
				TargetAttributes = {
					A494F47027F3D7FB00A01E8C = {
						CreatedOnToolsVersion = 13.2.1;
					};
					A494F48627F3D80400A01E8C = {
						CreatedOnToolsVersion = 13.2.1;
						TestTargetID = A494F47027F3D7FB00A01E8C;
					};
					A494F49027F3D80400A01E8C = {
						CreatedOnToolsVersion = 13.2.1;
						TestTargetID = A494F47027F3D7FB00A01E8C;
					};
				};
			};
			buildConfigurationList = A494F46C27F3D7FA00A01E8C /* Build configuration list for PBXProject "SocialSearchHub" */;
			compatibilityVersion = "Xcode 13.0";
			developmentRegion = en;
			hasScannedForEncodings = 0;
			knownRegions = (
				en,
				Base,
			);
			mainGroup = A494F46827F3D7FA00A01E8C;
			productRefGroup = A494F47227F3D7FB00A01E8C /* Products */;
			projectDirPath = "";
			projectRoot = "";
			targets = (
				A494F47027F3D7FB00A01E8C /* SocialSearchHub */,
				A494F48627F3D80400A01E8C /* SocialSearchHubTests */,
				A494F49027F3D80400A01E8C /* SocialSearchHubUITests */,
			);
		};
/* End PBXProject section */

/* Begin PBXResourcesBuildPhase section */
		A494F46F27F3D7FB00A01E8C /* Resources */ = {
			isa = PBXResourcesBuildPhase;
			buildActionMask = 2147483647;
			files = (
				A494F48127F3D80400A01E8C /* LaunchScreen.storyboard in Resources */,
				A494F47E27F3D80400A01E8C /* Assets.xcassets in Resources */,
				A494F47C27F3D7FB00A01E8C /* Main.storyboard in Resources */,
			);
			runOnlyForDeploymentPostprocessing = 0;
		};
		A494F48527F3D80400A01E8C /* Resources */ = {
			isa = PBXResourcesBuildPhase;
			buildActionMask = 2147483647;
			files = (
			);
			runOnlyForDeploymentPostprocessing = 0;
		};
		A494F48F27F3D80400A01E8C /* Resources */ = {
			isa = PBXResourcesBuildPhase;
			buildActionMask = 2147483647;
			files = (
			);
			runOnlyForDeploymentPostprocessing = 0;
		};
/* End PBXResourcesBuildPhase section */

/* Begin PBXShellScriptBuildPhase section */
		34B5F6E66BB0228D4ACA07FD /* [CP] Embed Pods Frameworks */ = {
			isa = PBXShellScriptBuildPhase;
			buildActionMask = 2147483647;
			files = (
			);
			inputFileListPaths = (
				"${PODS_ROOT}/Target Support Files/Pods-SocialSearchHub-SocialSearchHubUITests/Pods-SocialSearchHub-SocialSearchHubUITests-frameworks-${CONFIGURATION}-input-files.xcfilelist",
			);
			name = "[CP] Embed Pods Frameworks";
			outputFileListPaths = (
				"${PODS_ROOT}/Target Support Files/Pods-SocialSearchHub-SocialSearchHubUITests/Pods-SocialSearchHub-SocialSearchHubUITests-frameworks-${CONFIGURATION}-output-files.xcfilelist",
			);
			runOnlyForDeploymentPostprocessing = 0;
			shellPath = /bin/sh;
			shellScript = "\"${PODS_ROOT}/Target Support Files/Pods-SocialSearchHub-SocialSearchHubUITests/Pods-SocialSearchHub-SocialSearchHubUITests-frameworks.sh\"\n";
			showEnvVarsInLog = 0;
		};
		37AE02BF95CBBBB0FD3D5E91 /* [CP] Check Pods Manifest.lock */ = {
			isa = PBXShellScriptBuildPhase;
			buildActionMask = 2147483647;
			files = (
			);
			inputFileListPaths = (
			);
			inputPaths = (
				"${PODS_PODFILE_DIR_PATH}/Podfile.lock",
				"${PODS_ROOT}/Manifest.lock",
			);
			name = "[CP] Check Pods Manifest.lock";
			outputFileListPaths = (
			);
			outputPaths = (
				"$(DERIVED_FILE_DIR)/Pods-SocialSearchHubTests-checkManifestLockResult.txt",
			);
			runOnlyForDeploymentPostprocessing = 0;
			shellPath = /bin/sh;
			shellScript = "diff \"${PODS_PODFILE_DIR_PATH}/Podfile.lock\" \"${PODS_ROOT}/Manifest.lock\" > /dev/null\nif [ $? != 0 ] ; then\n    # print error to STDERR\n    echo \"error: The sandbox is not in sync with the Podfile.lock. Run 'pod install' or update your CocoaPods installation.\" >&2\n    exit 1\nfi\n# This output is used by Xcode 'outputs' to avoid re-running this script phase.\necho \"SUCCESS\" > \"${SCRIPT_OUTPUT_FILE_0}\"\n";
			showEnvVarsInLog = 0;
		};
		5AD8FC19A719B1F00D053359 /* [CP] Check Pods Manifest.lock */ = {
			isa = PBXShellScriptBuildPhase;
			buildActionMask = 2147483647;
			files = (
			);
			inputFileListPaths = (
			);
			inputPaths = (
				"${PODS_PODFILE_DIR_PATH}/Podfile.lock",
				"${PODS_ROOT}/Manifest.lock",
			);
			name = "[CP] Check Pods Manifest.lock";
			outputFileListPaths = (
			);
			outputPaths = (
				"$(DERIVED_FILE_DIR)/Pods-SocialSearchHub-SocialSearchHubUITests-checkManifestLockResult.txt",
			);
			runOnlyForDeploymentPostprocessing = 0;
			shellPath = /bin/sh;
			shellScript = "diff \"${PODS_PODFILE_DIR_PATH}/Podfile.lock\" \"${PODS_ROOT}/Manifest.lock\" > /dev/null\nif [ $? != 0 ] ; then\n    # print error to STDERR\n    echo \"error: The sandbox is not in sync with the Podfile.lock. Run 'pod install' or update your CocoaPods installation.\" >&2\n    exit 1\nfi\n# This output is used by Xcode 'outputs' to avoid re-running this script phase.\necho \"SUCCESS\" > \"${SCRIPT_OUTPUT_FILE_0}\"\n";
			showEnvVarsInLog = 0;
		};
		676F32A261A8CB91FB79117F /* [CP] Check Pods Manifest.lock */ = {
			isa = PBXShellScriptBuildPhase;
			buildActionMask = 2147483647;
			files = (
			);
			inputFileListPaths = (
			);
			inputPaths = (
				"${PODS_PODFILE_DIR_PATH}/Podfile.lock",
				"${PODS_ROOT}/Manifest.lock",
			);
			name = "[CP] Check Pods Manifest.lock";
			outputFileListPaths = (
			);
			outputPaths = (
				"$(DERIVED_FILE_DIR)/Pods-SocialSearchHub-checkManifestLockResult.txt",
			);
			runOnlyForDeploymentPostprocessing = 0;
			shellPath = /bin/sh;
			shellScript = "diff \"${PODS_PODFILE_DIR_PATH}/Podfile.lock\" \"${PODS_ROOT}/Manifest.lock\" > /dev/null\nif [ $? != 0 ] ; then\n    # print error to STDERR\n    echo \"error: The sandbox is not in sync with the Podfile.lock. Run 'pod install' or update your CocoaPods installation.\" >&2\n    exit 1\nfi\n# This output is used by Xcode 'outputs' to avoid re-running this script phase.\necho \"SUCCESS\" > \"${SCRIPT_OUTPUT_FILE_0}\"\n";
			showEnvVarsInLog = 0;
		};
		C7FC09E96B40041F5A50A2C2 /* [CP] Embed Pods Frameworks */ = {
			isa = PBXShellScriptBuildPhase;
			buildActionMask = 2147483647;
			files = (
			);
			inputFileListPaths = (
				"${PODS_ROOT}/Target Support Files/Pods-SocialSearchHub/Pods-SocialSearchHub-frameworks-${CONFIGURATION}-input-files.xcfilelist",
			);
			name = "[CP] Embed Pods Frameworks";
			outputFileListPaths = (
				"${PODS_ROOT}/Target Support Files/Pods-SocialSearchHub/Pods-SocialSearchHub-frameworks-${CONFIGURATION}-output-files.xcfilelist",
			);
			runOnlyForDeploymentPostprocessing = 0;
			shellPath = /bin/sh;
			shellScript = "\"${PODS_ROOT}/Target Support Files/Pods-SocialSearchHub/Pods-SocialSearchHub-frameworks.sh\"\n";
			showEnvVarsInLog = 0;
		};
/* End PBXShellScriptBuildPhase section */

/* Begin PBXSourcesBuildPhase section */
		A494F46D27F3D7FB00A01E8C /* Sources */ = {
			isa = PBXSourcesBuildPhase;
			buildActionMask = 2147483647;
			files = (
				A494F4AD27F3EF1000A01E8C /* SignUpViewController.swift in Sources */,
				A4A0DF9627FC7BDB00C96FD8 /* FavoriteSearchTermTableViewCell.swift in Sources */,
				A494F4A927F3EC3B00A01E8C /* SocialMediaAPI.swift in Sources */,
				A46D47F827F46EAA0091D56F /* HomeFeedViewController.swift in Sources */,
				A494F47927F3D7FB00A01E8C /* LoginViewController.swift in Sources */,
				A494F47527F3D7FB00A01E8C /* AppDelegate.swift in Sources */,
				F9FD38272805247D00114A2D /* InstagramCell.swift in Sources */,
				A494F4AF27F3F2DC00A01E8C /* ProfileViewController.swift in Sources */,
				F9B06DE32804FB7200033543 /* TweetCell.swift in Sources */,
				A494F47727F3D7FB00A01E8C /* SceneDelegate.swift in Sources */,
				A46D47F627F46D8C0091D56F /* SettingsViewController.swift in Sources */,
			);
			runOnlyForDeploymentPostprocessing = 0;
		};
		A494F48327F3D80400A01E8C /* Sources */ = {
			isa = PBXSourcesBuildPhase;
			buildActionMask = 2147483647;
			files = (
				A494F48C27F3D80400A01E8C /* SocialSearchHubTests.swift in Sources */,
			);
			runOnlyForDeploymentPostprocessing = 0;
		};
		A494F48D27F3D80400A01E8C /* Sources */ = {
			isa = PBXSourcesBuildPhase;
			buildActionMask = 2147483647;
			files = (
				A494F49627F3D80400A01E8C /* SocialSearchHubUITests.swift in Sources */,
				A494F49827F3D80400A01E8C /* SocialSearchHubUITestsLaunchTests.swift in Sources */,
			);
			runOnlyForDeploymentPostprocessing = 0;
		};
/* End PBXSourcesBuildPhase section */

/* Begin PBXTargetDependency section */
		A494F48927F3D80400A01E8C /* PBXTargetDependency */ = {
			isa = PBXTargetDependency;
			target = A494F47027F3D7FB00A01E8C /* SocialSearchHub */;
			targetProxy = A494F48827F3D80400A01E8C /* PBXContainerItemProxy */;
		};
		A494F49327F3D80400A01E8C /* PBXTargetDependency */ = {
			isa = PBXTargetDependency;
			target = A494F47027F3D7FB00A01E8C /* SocialSearchHub */;
			targetProxy = A494F49227F3D80400A01E8C /* PBXContainerItemProxy */;
		};
/* End PBXTargetDependency section */

/* Begin PBXVariantGroup section */
		A494F47A27F3D7FB00A01E8C /* Main.storyboard */ = {
			isa = PBXVariantGroup;
			children = (
				A494F47B27F3D7FB00A01E8C /* Base */,
			);
			name = Main.storyboard;
			sourceTree = "<group>";
		};
		A494F47F27F3D80400A01E8C /* LaunchScreen.storyboard */ = {
			isa = PBXVariantGroup;
			children = (
				A494F48027F3D80400A01E8C /* Base */,
			);
			name = LaunchScreen.storyboard;
			sourceTree = "<group>";
		};
/* End PBXVariantGroup section */

/* Begin XCBuildConfiguration section */
		A494F49927F3D80400A01E8C /* Debug */ = {
			isa = XCBuildConfiguration;
			buildSettings = {
				ALWAYS_SEARCH_USER_PATHS = NO;
				CLANG_ANALYZER_NONNULL = YES;
				CLANG_ANALYZER_NUMBER_OBJECT_CONVERSION = YES_AGGRESSIVE;
				CLANG_CXX_LANGUAGE_STANDARD = "gnu++17";
				CLANG_CXX_LIBRARY = "libc++";
				CLANG_ENABLE_MODULES = YES;
				CLANG_ENABLE_OBJC_ARC = YES;
				CLANG_ENABLE_OBJC_WEAK = YES;
				CLANG_WARN_BLOCK_CAPTURE_AUTORELEASING = YES;
				CLANG_WARN_BOOL_CONVERSION = YES;
				CLANG_WARN_COMMA = YES;
				CLANG_WARN_CONSTANT_CONVERSION = YES;
				CLANG_WARN_DEPRECATED_OBJC_IMPLEMENTATIONS = YES;
				CLANG_WARN_DIRECT_OBJC_ISA_USAGE = YES_ERROR;
				CLANG_WARN_DOCUMENTATION_COMMENTS = YES;
				CLANG_WARN_EMPTY_BODY = YES;
				CLANG_WARN_ENUM_CONVERSION = YES;
				CLANG_WARN_INFINITE_RECURSION = YES;
				CLANG_WARN_INT_CONVERSION = YES;
				CLANG_WARN_NON_LITERAL_NULL_CONVERSION = YES;
				CLANG_WARN_OBJC_IMPLICIT_RETAIN_SELF = YES;
				CLANG_WARN_OBJC_LITERAL_CONVERSION = YES;
				CLANG_WARN_OBJC_ROOT_CLASS = YES_ERROR;
				CLANG_WARN_QUOTED_INCLUDE_IN_FRAMEWORK_HEADER = YES;
				CLANG_WARN_RANGE_LOOP_ANALYSIS = YES;
				CLANG_WARN_STRICT_PROTOTYPES = YES;
				CLANG_WARN_SUSPICIOUS_MOVE = YES;
				CLANG_WARN_UNGUARDED_AVAILABILITY = YES_AGGRESSIVE;
				CLANG_WARN_UNREACHABLE_CODE = YES;
				CLANG_WARN__DUPLICATE_METHOD_MATCH = YES;
				COPY_PHASE_STRIP = NO;
				DEBUG_INFORMATION_FORMAT = dwarf;
				ENABLE_STRICT_OBJC_MSGSEND = YES;
				ENABLE_TESTABILITY = YES;
				GCC_C_LANGUAGE_STANDARD = gnu11;
				GCC_DYNAMIC_NO_PIC = NO;
				GCC_NO_COMMON_BLOCKS = YES;
				GCC_OPTIMIZATION_LEVEL = 0;
				GCC_PREPROCESSOR_DEFINITIONS = (
					"DEBUG=1",
					"$(inherited)",
				);
				GCC_WARN_64_TO_32_BIT_CONVERSION = YES;
				GCC_WARN_ABOUT_RETURN_TYPE = YES_ERROR;
				GCC_WARN_UNDECLARED_SELECTOR = YES;
				GCC_WARN_UNINITIALIZED_AUTOS = YES_AGGRESSIVE;
				GCC_WARN_UNUSED_FUNCTION = YES;
				GCC_WARN_UNUSED_VARIABLE = YES;
				IPHONEOS_DEPLOYMENT_TARGET = 15.2;
				MTL_ENABLE_DEBUG_INFO = INCLUDE_SOURCE;
				MTL_FAST_MATH = YES;
				ONLY_ACTIVE_ARCH = YES;
				SDKROOT = iphoneos;
				SWIFT_ACTIVE_COMPILATION_CONDITIONS = DEBUG;
				SWIFT_OPTIMIZATION_LEVEL = "-Onone";
			};
			name = Debug;
		};
		A494F49A27F3D80400A01E8C /* Release */ = {
			isa = XCBuildConfiguration;
			buildSettings = {
				ALWAYS_SEARCH_USER_PATHS = NO;
				CLANG_ANALYZER_NONNULL = YES;
				CLANG_ANALYZER_NUMBER_OBJECT_CONVERSION = YES_AGGRESSIVE;
				CLANG_CXX_LANGUAGE_STANDARD = "gnu++17";
				CLANG_CXX_LIBRARY = "libc++";
				CLANG_ENABLE_MODULES = YES;
				CLANG_ENABLE_OBJC_ARC = YES;
				CLANG_ENABLE_OBJC_WEAK = YES;
				CLANG_WARN_BLOCK_CAPTURE_AUTORELEASING = YES;
				CLANG_WARN_BOOL_CONVERSION = YES;
				CLANG_WARN_COMMA = YES;
				CLANG_WARN_CONSTANT_CONVERSION = YES;
				CLANG_WARN_DEPRECATED_OBJC_IMPLEMENTATIONS = YES;
				CLANG_WARN_DIRECT_OBJC_ISA_USAGE = YES_ERROR;
				CLANG_WARN_DOCUMENTATION_COMMENTS = YES;
				CLANG_WARN_EMPTY_BODY = YES;
				CLANG_WARN_ENUM_CONVERSION = YES;
				CLANG_WARN_INFINITE_RECURSION = YES;
				CLANG_WARN_INT_CONVERSION = YES;
				CLANG_WARN_NON_LITERAL_NULL_CONVERSION = YES;
				CLANG_WARN_OBJC_IMPLICIT_RETAIN_SELF = YES;
				CLANG_WARN_OBJC_LITERAL_CONVERSION = YES;
				CLANG_WARN_OBJC_ROOT_CLASS = YES_ERROR;
				CLANG_WARN_QUOTED_INCLUDE_IN_FRAMEWORK_HEADER = YES;
				CLANG_WARN_RANGE_LOOP_ANALYSIS = YES;
				CLANG_WARN_STRICT_PROTOTYPES = YES;
				CLANG_WARN_SUSPICIOUS_MOVE = YES;
				CLANG_WARN_UNGUARDED_AVAILABILITY = YES_AGGRESSIVE;
				CLANG_WARN_UNREACHABLE_CODE = YES;
				CLANG_WARN__DUPLICATE_METHOD_MATCH = YES;
				COPY_PHASE_STRIP = NO;
				DEBUG_INFORMATION_FORMAT = "dwarf-with-dsym";
				ENABLE_NS_ASSERTIONS = NO;
				ENABLE_STRICT_OBJC_MSGSEND = YES;
				GCC_C_LANGUAGE_STANDARD = gnu11;
				GCC_NO_COMMON_BLOCKS = YES;
				GCC_WARN_64_TO_32_BIT_CONVERSION = YES;
				GCC_WARN_ABOUT_RETURN_TYPE = YES_ERROR;
				GCC_WARN_UNDECLARED_SELECTOR = YES;
				GCC_WARN_UNINITIALIZED_AUTOS = YES_AGGRESSIVE;
				GCC_WARN_UNUSED_FUNCTION = YES;
				GCC_WARN_UNUSED_VARIABLE = YES;
				IPHONEOS_DEPLOYMENT_TARGET = 15.2;
				MTL_ENABLE_DEBUG_INFO = NO;
				MTL_FAST_MATH = YES;
				SDKROOT = iphoneos;
				SWIFT_COMPILATION_MODE = wholemodule;
				SWIFT_OPTIMIZATION_LEVEL = "-O";
				VALIDATE_PRODUCT = YES;
			};
			name = Release;
		};
		A494F49C27F3D80400A01E8C /* Debug */ = {
			isa = XCBuildConfiguration;
			baseConfigurationReference = 4BBD7FD860D546A47938BF87 /* Pods-SocialSearchHub.debug.xcconfig */;
			buildSettings = {
				ASSETCATALOG_COMPILER_APPICON_NAME = AppIcon;
				ASSETCATALOG_COMPILER_GLOBAL_ACCENT_COLOR_NAME = AccentColor;
				CODE_SIGN_STYLE = Automatic;
				CURRENT_PROJECT_VERSION = 1;
				GENERATE_INFOPLIST_FILE = YES;
				INFOPLIST_FILE = SocialSearchHub/Info.plist;
				INFOPLIST_KEY_UIApplicationSupportsIndirectInputEvents = YES;
				INFOPLIST_KEY_UILaunchStoryboardName = LaunchScreen;
				INFOPLIST_KEY_UIMainStoryboardFile = Main;
				INFOPLIST_KEY_UISupportedInterfaceOrientations_iPad = "UIInterfaceOrientationPortrait UIInterfaceOrientationPortraitUpsideDown UIInterfaceOrientationLandscapeLeft UIInterfaceOrientationLandscapeRight";
				INFOPLIST_KEY_UISupportedInterfaceOrientations_iPhone = "UIInterfaceOrientationPortrait UIInterfaceOrientationLandscapeLeft UIInterfaceOrientationLandscapeRight";
				LD_RUNPATH_SEARCH_PATHS = (
					"$(inherited)",
					"@executable_path/Frameworks",
				);
				MARKETING_VERSION = 1.0;
				PRODUCT_BUNDLE_IDENTIFIER = com.hu.SocialSearchHub;
				PRODUCT_NAME = "$(TARGET_NAME)";
				SWIFT_EMIT_LOC_STRINGS = YES;
				SWIFT_VERSION = 5.0;
				TARGETED_DEVICE_FAMILY = "1,2";
			};
			name = Debug;
		};
		A494F49D27F3D80400A01E8C /* Release */ = {
			isa = XCBuildConfiguration;
			baseConfigurationReference = F7E49E7A0F8A0E2F9A8C853C /* Pods-SocialSearchHub.release.xcconfig */;
			buildSettings = {
				ASSETCATALOG_COMPILER_APPICON_NAME = AppIcon;
				ASSETCATALOG_COMPILER_GLOBAL_ACCENT_COLOR_NAME = AccentColor;
				CODE_SIGN_STYLE = Automatic;
				CURRENT_PROJECT_VERSION = 1;
				GENERATE_INFOPLIST_FILE = YES;
				INFOPLIST_FILE = SocialSearchHub/Info.plist;
				INFOPLIST_KEY_UIApplicationSupportsIndirectInputEvents = YES;
				INFOPLIST_KEY_UILaunchStoryboardName = LaunchScreen;
				INFOPLIST_KEY_UIMainStoryboardFile = Main;
				INFOPLIST_KEY_UISupportedInterfaceOrientations_iPad = "UIInterfaceOrientationPortrait UIInterfaceOrientationPortraitUpsideDown UIInterfaceOrientationLandscapeLeft UIInterfaceOrientationLandscapeRight";
				INFOPLIST_KEY_UISupportedInterfaceOrientations_iPhone = "UIInterfaceOrientationPortrait UIInterfaceOrientationLandscapeLeft UIInterfaceOrientationLandscapeRight";
				LD_RUNPATH_SEARCH_PATHS = (
					"$(inherited)",
					"@executable_path/Frameworks",
				);
				MARKETING_VERSION = 1.0;
				PRODUCT_BUNDLE_IDENTIFIER = com.hu.SocialSearchHub;
				PRODUCT_NAME = "$(TARGET_NAME)";
				SWIFT_EMIT_LOC_STRINGS = YES;
				SWIFT_VERSION = 5.0;
				TARGETED_DEVICE_FAMILY = "1,2";
			};
			name = Release;
		};
		A494F49F27F3D80400A01E8C /* Debug */ = {
			isa = XCBuildConfiguration;
			baseConfigurationReference = 6239DC4682A8DD94A30A62F9 /* Pods-SocialSearchHubTests.debug.xcconfig */;
			buildSettings = {
				ALWAYS_EMBED_SWIFT_STANDARD_LIBRARIES = YES;
				BUNDLE_LOADER = "$(TEST_HOST)";
				CODE_SIGN_STYLE = Automatic;
				CURRENT_PROJECT_VERSION = 1;
				GENERATE_INFOPLIST_FILE = YES;
				IPHONEOS_DEPLOYMENT_TARGET = 15.2;
				MARKETING_VERSION = 1.0;
				PRODUCT_BUNDLE_IDENTIFIER = com.hu.SocialSearchHubTests;
				PRODUCT_NAME = "$(TARGET_NAME)";
				SWIFT_EMIT_LOC_STRINGS = NO;
				SWIFT_VERSION = 5.0;
				TARGETED_DEVICE_FAMILY = "1,2";
				TEST_HOST = "$(BUILT_PRODUCTS_DIR)/SocialSearchHub.app/SocialSearchHub";
			};
			name = Debug;
		};
		A494F4A027F3D80400A01E8C /* Release */ = {
			isa = XCBuildConfiguration;
			baseConfigurationReference = 3011B9ADE597ED08184984D4 /* Pods-SocialSearchHubTests.release.xcconfig */;
			buildSettings = {
				ALWAYS_EMBED_SWIFT_STANDARD_LIBRARIES = YES;
				BUNDLE_LOADER = "$(TEST_HOST)";
				CODE_SIGN_STYLE = Automatic;
				CURRENT_PROJECT_VERSION = 1;
				GENERATE_INFOPLIST_FILE = YES;
				IPHONEOS_DEPLOYMENT_TARGET = 15.2;
				MARKETING_VERSION = 1.0;
				PRODUCT_BUNDLE_IDENTIFIER = com.hu.SocialSearchHubTests;
				PRODUCT_NAME = "$(TARGET_NAME)";
				SWIFT_EMIT_LOC_STRINGS = NO;
				SWIFT_VERSION = 5.0;
				TARGETED_DEVICE_FAMILY = "1,2";
				TEST_HOST = "$(BUILT_PRODUCTS_DIR)/SocialSearchHub.app/SocialSearchHub";
			};
			name = Release;
		};
		A494F4A227F3D80400A01E8C /* Debug */ = {
			isa = XCBuildConfiguration;
			baseConfigurationReference = 503507FA0C16E964D526ED02 /* Pods-SocialSearchHub-SocialSearchHubUITests.debug.xcconfig */;
			buildSettings = {
				ALWAYS_EMBED_SWIFT_STANDARD_LIBRARIES = YES;
				CODE_SIGN_STYLE = Automatic;
				CURRENT_PROJECT_VERSION = 1;
				GENERATE_INFOPLIST_FILE = YES;
				MARKETING_VERSION = 1.0;
				PRODUCT_BUNDLE_IDENTIFIER = com.hu.SocialSearchHubUITests;
				PRODUCT_NAME = "$(TARGET_NAME)";
				SWIFT_EMIT_LOC_STRINGS = NO;
				SWIFT_VERSION = 5.0;
				TARGETED_DEVICE_FAMILY = "1,2";
				TEST_TARGET_NAME = SocialSearchHub;
			};
			name = Debug;
		};
		A494F4A327F3D80400A01E8C /* Release */ = {
			isa = XCBuildConfiguration;
			baseConfigurationReference = D1CE01BCB105F38F2850CD38 /* Pods-SocialSearchHub-SocialSearchHubUITests.release.xcconfig */;
			buildSettings = {
				ALWAYS_EMBED_SWIFT_STANDARD_LIBRARIES = YES;
				CODE_SIGN_STYLE = Automatic;
				CURRENT_PROJECT_VERSION = 1;
				GENERATE_INFOPLIST_FILE = YES;
				MARKETING_VERSION = 1.0;
				PRODUCT_BUNDLE_IDENTIFIER = com.hu.SocialSearchHubUITests;
				PRODUCT_NAME = "$(TARGET_NAME)";
				SWIFT_EMIT_LOC_STRINGS = NO;
				SWIFT_VERSION = 5.0;
				TARGETED_DEVICE_FAMILY = "1,2";
				TEST_TARGET_NAME = SocialSearchHub;
			};
			name = Release;
		};
/* End XCBuildConfiguration section */

/* Begin XCConfigurationList section */
		A494F46C27F3D7FA00A01E8C /* Build configuration list for PBXProject "SocialSearchHub" */ = {
			isa = XCConfigurationList;
			buildConfigurations = (
				A494F49927F3D80400A01E8C /* Debug */,
				A494F49A27F3D80400A01E8C /* Release */,
			);
			defaultConfigurationIsVisible = 0;
			defaultConfigurationName = Release;
		};
		A494F49B27F3D80400A01E8C /* Build configuration list for PBXNativeTarget "SocialSearchHub" */ = {
			isa = XCConfigurationList;
			buildConfigurations = (
				A494F49C27F3D80400A01E8C /* Debug */,
				A494F49D27F3D80400A01E8C /* Release */,
			);
			defaultConfigurationIsVisible = 0;
			defaultConfigurationName = Release;
		};
		A494F49E27F3D80400A01E8C /* Build configuration list for PBXNativeTarget "SocialSearchHubTests" */ = {
			isa = XCConfigurationList;
			buildConfigurations = (
				A494F49F27F3D80400A01E8C /* Debug */,
				A494F4A027F3D80400A01E8C /* Release */,
			);
			defaultConfigurationIsVisible = 0;
			defaultConfigurationName = Release;
		};
		A494F4A127F3D80400A01E8C /* Build configuration list for PBXNativeTarget "SocialSearchHubUITests" */ = {
			isa = XCConfigurationList;
			buildConfigurations = (
				A494F4A227F3D80400A01E8C /* Debug */,
				A494F4A327F3D80400A01E8C /* Release */,
			);
			defaultConfigurationIsVisible = 0;
			defaultConfigurationName = Release;
		};
/* End XCConfigurationList section */
	};
	rootObject = A494F46927F3D7FA00A01E8C /* Project object */;
}
