// !$*UTF8*$!
{
	archiveVersion = 1;
	classes = {
	};
	objectVersion = 55;
	objects = {

/* Begin PBXBuildFile section */
		A494F47527F3D7FB00A01E8C /* AppDelegate.swift in Sources */ = {isa = PBXBuildFile; fileRef = A494F47427F3D7FB00A01E8C /* AppDelegate.swift */; };
		A494F47727F3D7FB00A01E8C /* SceneDelegate.swift in Sources */ = {isa = PBXBuildFile; fileRef = A494F47627F3D7FB00A01E8C /* SceneDelegate.swift */; };
		A494F47927F3D7FB00A01E8C /* ViewController.swift in Sources */ = {isa = PBXBuildFile; fileRef = A494F47827F3D7FB00A01E8C /* ViewController.swift */; };
		A494F47C27F3D7FB00A01E8C /* Main.storyboard in Resources */ = {isa = PBXBuildFile; fileRef = A494F47A27F3D7FB00A01E8C /* Main.storyboard */; };
		A494F47E27F3D80400A01E8C /* Assets.xcassets in Resources */ = {isa = PBXBuildFile; fileRef = A494F47D27F3D80400A01E8C /* Assets.xcassets */; };
		A494F48127F3D80400A01E8C /* LaunchScreen.storyboard in Resources */ = {isa = PBXBuildFile; fileRef = A494F47F27F3D80400A01E8C /* LaunchScreen.storyboard */; };
		A494F48C27F3D80400A01E8C /* SocialSearchHubTests.swift in Sources */ = {isa = PBXBuildFile; fileRef = A494F48B27F3D80400A01E8C /* SocialSearchHubTests.swift */; };
		A494F49627F3D80400A01E8C /* SocialSearchHubUITests.swift in Sources */ = {isa = PBXBuildFile; fileRef = A494F49527F3D80400A01E8C /* SocialSearchHubUITests.swift */; };
		A494F49827F3D80400A01E8C /* SocialSearchHubUITestsLaunchTests.swift in Sources */ = {isa = PBXBuildFile; fileRef = A494F49727F3D80400A01E8C /* SocialSearchHubUITestsLaunchTests.swift */; };
/* End PBXBuildFile section */

/* Begin PBXContainerItemProxy section */
		A494F48827F3D80400A01E8C /* PBXContainerItemProxy */ = {
			isa = PBXContainerItemProxy;
			containerPortal = A494F46927F3D7FA00A01E8C /* Project object */;
			proxyType = 1;
			remoteGlobalIDString = A494F47027F3D7FB00A01E8C;
			remoteInfo = SocialSearchHub;
		};
		A494F49227F3D80400A01E8C /* PBXContainerItemProxy */ = {
			isa = PBXContainerItemProxy;
			containerPortal = A494F46927F3D7FA00A01E8C /* Project object */;
			proxyType = 1;
			remoteGlobalIDString = A494F47027F3D7FB00A01E8C;
			remoteInfo = SocialSearchHub;
		};
/* End PBXContainerItemProxy section */

/* Begin PBXFileReference section */
		A494F47127F3D7FB00A01E8C /* SocialSearchHub.app */ = {isa = PBXFileReference; explicitFileType = wrapper.application; includeInIndex = 0; path = SocialSearchHub.app; sourceTree = BUILT_PRODUCTS_DIR; };
		A494F47427F3D7FB00A01E8C /* AppDelegate.swift */ = {isa = PBXFileReference; lastKnownFileType = sourcecode.swift; path = AppDelegate.swift; sourceTree = "<group>"; };
		A494F47627F3D7FB00A01E8C /* SceneDelegate.swift */ = {isa = PBXFileReference; lastKnownFileType = sourcecode.swift; path = SceneDelegate.swift; sourceTree = "<group>"; };
		A494F47827F3D7FB00A01E8C /* ViewController.swift */ = {isa = PBXFileReference; lastKnownFileType = sourcecode.swift; path = ViewController.swift; sourceTree = "<group>"; };
		A494F47B27F3D7FB00A01E8C /* Base */ = {isa = PBXFileReference; lastKnownFileType = file.storyboard; name = Base; path = Base.lproj/Main.storyboard; sourceTree = "<group>"; };
		A494F47D27F3D80400A01E8C /* Assets.xcassets */ = {isa = PBXFileReference; lastKnownFileType = folder.assetcatalog; path = Assets.xcassets; sourceTree = "<group>"; };
		A494F48027F3D80400A01E8C /* Base */ = {isa = PBXFileReference; lastKnownFileType = file.storyboard; name = Base; path = Base.lproj/LaunchScreen.storyboard; sourceTree = "<group>"; };
		A494F48227F3D80400A01E8C /* Info.plist */ = {isa = PBXFileReference; lastKnownFileType = text.plist.xml; path = Info.plist; sourceTree = "<group>"; };
		A494F48727F3D80400A01E8C /* SocialSearchHubTests.xctest */ = {isa = PBXFileReference; explicitFileType = wrapper.cfbundle; includeInIndex = 0; path = SocialSearchHubTests.xctest; sourceTree = BUILT_PRODUCTS_DIR; };
		A494F48B27F3D80400A01E8C /* SocialSearchHubTests.swift */ = {isa = PBXFileReference; lastKnownFileType = sourcecode.swift; path = SocialSearchHubTests.swift; sourceTree = "<group>"; };
		A494F49127F3D80400A01E8C /* SocialSearchHubUITests.xctest */ = {isa = PBXFileReference; explicitFileType = wrapper.cfbundle; includeInIndex = 0; path = SocialSearchHubUITests.xctest; sourceTree = BUILT_PRODUCTS_DIR; };
		A494F49527F3D80400A01E8C /* SocialSearchHubUITests.swift */ = {isa = PBXFileReference; lastKnownFileType = sourcecode.swift; path = SocialSearchHubUITests.swift; sourceTree = "<group>"; };
		A494F49727F3D80400A01E8C /* SocialSearchHubUITestsLaunchTests.swift */ = {isa = PBXFileReference; lastKnownFileType = sourcecode.swift; path = SocialSearchHubUITestsLaunchTests.swift; sourceTree = "<group>"; };
/* End PBXFileReference section */

/* Begin PBXFrameworksBuildPhase section */
		A494F46E27F3D7FB00A01E8C /* Frameworks */ = {
			isa = PBXFrameworksBuildPhase;
			buildActionMask = 2147483647;
			files = (
			);
			runOnlyForDeploymentPostprocessing = 0;
		};
		A494F48427F3D80400A01E8C /* Frameworks */ = {
			isa = PBXFrameworksBuildPhase;
			buildActionMask = 2147483647;
			files = (
			);
			runOnlyForDeploymentPostprocessing = 0;
		};
		A494F48E27F3D80400A01E8C /* Frameworks */ = {
			isa = PBXFrameworksBuildPhase;
			buildActionMask = 2147483647;
			files = (
			);
			runOnlyForDeploymentPostprocessing = 0;
		};
/* End PBXFrameworksBuildPhase section */

/* Begin PBXGroup section */
		A494F46827F3D7FA00A01E8C = {
			isa = PBXGroup;
			children = (
				A494F47327F3D7FB00A01E8C /* SocialSearchHub */,
				A494F48A27F3D80400A01E8C /* SocialSearchHubTests */,
				A494F49427F3D80400A01E8C /* SocialSearchHubUITests */,
				A494F47227F3D7FB00A01E8C /* Products */,
			);
			sourceTree = "<group>";
		};
		A494F47227F3D7FB00A01E8C /* Products */ = {
			isa = PBXGroup;
			children = (
				A494F47127F3D7FB00A01E8C /* SocialSearchHub.app */,
				A494F48727F3D80400A01E8C /* SocialSearchHubTests.xctest */,
				A494F49127F3D80400A01E8C /* SocialSearchHubUITests.xctest */,
			);
			name = Products;
			sourceTree = "<group>";
		};
		A494F47327F3D7FB00A01E8C /* SocialSearchHub */ = {
			isa = PBXGroup;
			children = (
				A494F47427F3D7FB00A01E8C /* AppDelegate.swift */,
				A494F47627F3D7FB00A01E8C /* SceneDelegate.swift */,
				A494F47827F3D7FB00A01E8C /* ViewController.swift */,
				A494F47A27F3D7FB00A01E8C /* Main.storyboard */,
				A494F47D27F3D80400A01E8C /* Assets.xcassets */,
				A494F47F27F3D80400A01E8C /* LaunchScreen.storyboard */,
				A494F48227F3D80400A01E8C /* Info.plist */,
			);
			path = SocialSearchHub;
			sourceTree = "<group>";
		};
		A494F48A27F3D80400A01E8C /* SocialSearchHubTests */ = {
			isa = PBXGroup;
			children = (
				A494F48B27F3D80400A01E8C /* SocialSearchHubTests.swift */,
			);
			path = SocialSearchHubTests;
			sourceTree = "<group>";
		};
		A494F49427F3D80400A01E8C /* SocialSearchHubUITests */ = {
			isa = PBXGroup;
			children = (
				A494F49527F3D80400A01E8C /* SocialSearchHubUITests.swift */,
				A494F49727F3D80400A01E8C /* SocialSearchHubUITestsLaunchTests.swift */,
			);
			path = SocialSearchHubUITests;
			sourceTree = "<group>";
		};
/* End PBXGroup section */

/* Begin PBXNativeTarget section */
		A494F47027F3D7FB00A01E8C /* SocialSearchHub */ = {
			isa = PBXNativeTarget;
			buildConfigurationList = A494F49B27F3D80400A01E8C /* Build configuration list for PBXNativeTarget "SocialSearchHub" */;
			buildPhases = (
				A494F46D27F3D7FB00A01E8C /* Sources */,
				A494F46E27F3D7FB00A01E8C /* Frameworks */,
				A494F46F27F3D7FB00A01E8C /* Resources */,
			);
			buildRules = (
			);
			dependencies = (
			);
			name = SocialSearchHub;
			productName = SocialSearchHub;
			productReference = A494F47127F3D7FB00A01E8C /* SocialSearchHub.app */;
			productType = "com.apple.product-type.application";
		};
		A494F48627F3D80400A01E8C /* SocialSearchHubTests */ = {
			isa = PBXNativeTarget;
			buildConfigurationList = A494F49E27F3D80400A01E8C /* Build configuration list for PBXNativeTarget "SocialSearchHubTests" */;
			buildPhases = (
				A494F48327F3D80400A01E8C /* Sources */,
				A494F48427F3D80400A01E8C /* Frameworks */,
				A494F48527F3D80400A01E8C /* Resources */,
			);
			buildRules = (
			);
			dependencies = (
				A494F48927F3D80400A01E8C /* PBXTargetDependency */,
			);
			name = SocialSearchHubTests;
			productName = SocialSearchHubTests;
			productReference = A494F48727F3D80400A01E8C /* SocialSearchHubTests.xctest */;
			productType = "com.apple.product-type.bundle.unit-test";
		};
		A494F49027F3D80400A01E8C /* SocialSearchHubUITests */ = {
			isa = PBXNativeTarget;
			buildConfigurationList = A494F4A127F3D80400A01E8C /* Build configuration list for PBXNativeTarget "SocialSearchHubUITests" */;
			buildPhases = (
				A494F48D27F3D80400A01E8C /* Sources */,
				A494F48E27F3D80400A01E8C /* Frameworks */,
				A494F48F27F3D80400A01E8C /* Resources */,
			);
			buildRules = (
			);
			dependencies = (
				A494F49327F3D80400A01E8C /* PBXTargetDependency */,
			);
			name = SocialSearchHubUITests;
			productName = SocialSearchHubUITests;
			productReference = A494F49127F3D80400A01E8C /* SocialSearchHubUITests.xctest */;
			productType = "com.apple.product-type.bundle.ui-testing";
		};
/* End PBXNativeTarget section */

/* Begin PBXProject section */
		A494F46927F3D7FA00A01E8C /* Project object */ = {
			isa = PBXProject;
			attributes = {
				BuildIndependentTargetsInParallel = 1;
				LastSwiftUpdateCheck = 1320;
				LastUpgradeCheck = 1320;
				TargetAttributes = {
					A494F47027F3D7FB00A01E8C = {
						CreatedOnToolsVersion = 13.2.1;
					};
					A494F48627F3D80400A01E8C = {
						CreatedOnToolsVersion = 13.2.1;
						TestTargetID = A494F47027F3D7FB00A01E8C;
					};
					A494F49027F3D80400A01E8C = {
						CreatedOnToolsVersion = 13.2.1;
						TestTargetID = A494F47027F3D7FB00A01E8C;
					};
				};
			};
			buildConfigurationList = A494F46C27F3D7FA00A01E8C /* Build configuration list for PBXProject "SocialSearchHub" */;
			compatibilityVersion = "Xcode 13.0";
			developmentRegion = en;
			hasScannedForEncodings = 0;
			knownRegions = (
				en,
				Base,
			);
			mainGroup = A494F46827F3D7FA00A01E8C;
			productRefGroup = A494F47227F3D7FB00A01E8C /* Products */;
			projectDirPath = "";
			projectRoot = "";
			targets = (
				A494F47027F3D7FB00A01E8C /* SocialSearchHub */,
				A494F48627F3D80400A01E8C /* SocialSearchHubTests */,
				A494F49027F3D80400A01E8C /* SocialSearchHubUITests */,
			);
		};
/* End PBXProject section */

/* Begin PBXResourcesBuildPhase section */
		A494F46F27F3D7FB00A01E8C /* Resources */ = {
			isa = PBXResourcesBuildPhase;
			buildActionMask = 2147483647;
			files = (
				A494F48127F3D80400A01E8C /* LaunchScreen.storyboard in Resources */,
				A494F47E27F3D80400A01E8C /* Assets.xcassets in Resources */,
				A494F47C27F3D7FB00A01E8C /* Main.storyboard in Resources */,
			);
			runOnlyForDeploymentPostprocessing = 0;
		};
		A494F48527F3D80400A01E8C /* Resources */ = {
			isa = PBXResourcesBuildPhase;
			buildActionMask = 2147483647;
			files = (
			);
			runOnlyForDeploymentPostprocessing = 0;
		};
		A494F48F27F3D80400A01E8C /* Resources */ = {
			isa = PBXResourcesBuildPhase;
			buildActionMask = 2147483647;
			files = (
			);
			runOnlyForDeploymentPostprocessing = 0;
		};
/* End PBXResourcesBuildPhase section */

/* Begin PBXSourcesBuildPhase section */
		A494F46D27F3D7FB00A01E8C /* Sources */ = {
			isa = PBXSourcesBuildPhase;
			buildActionMask = 2147483647;
			files = (
				A494F47927F3D7FB00A01E8C /* ViewController.swift in Sources */,
				A494F47527F3D7FB00A01E8C /* AppDelegate.swift in Sources */,
				A494F47727F3D7FB00A01E8C /* SceneDelegate.swift in Sources */,
			);
			runOnlyForDeploymentPostprocessing = 0;
		};
		A494F48327F3D80400A01E8C /* Sources */ = {
			isa = PBXSourcesBuildPhase;
			buildActionMask = 2147483647;
			files = (
				A494F48C27F3D80400A01E8C /* SocialSearchHubTests.swift in Sources */,
			);
			runOnlyForDeploymentPostprocessing = 0;
		};
		A494F48D27F3D80400A01E8C /* Sources */ = {
			isa = PBXSourcesBuildPhase;
			buildActionMask = 2147483647;
			files = (
				A494F49627F3D80400A01E8C /* SocialSearchHubUITests.swift in Sources */,
				A494F49827F3D80400A01E8C /* SocialSearchHubUITestsLaunchTests.swift in Sources */,
			);
			runOnlyForDeploymentPostprocessing = 0;
		};
/* End PBXSourcesBuildPhase section */

/* Begin PBXTargetDependency section */
		A494F48927F3D80400A01E8C /* PBXTargetDependency */ = {
			isa = PBXTargetDependency;
			target = A494F47027F3D7FB00A01E8C /* SocialSearchHub */;
			targetProxy = A494F48827F3D80400A01E8C /* PBXContainerItemProxy */;
		};
		A494F49327F3D80400A01E8C /* PBXTargetDependency */ = {
			isa = PBXTargetDependency;
			target = A494F47027F3D7FB00A01E8C /* SocialSearchHub */;
			targetProxy = A494F49227F3D80400A01E8C /* PBXContainerItemProxy */;
		};
/* End PBXTargetDependency section */

/* Begin PBXVariantGroup section */
		A494F47A27F3D7FB00A01E8C /* Main.storyboard */ = {
			isa = PBXVariantGroup;
			children = (
				A494F47B27F3D7FB00A01E8C /* Base */,
			);
			name = Main.storyboard;
			sourceTree = "<group>";
		};
		A494F47F27F3D80400A01E8C /* LaunchScreen.storyboard */ = {
			isa = PBXVariantGroup;
			children = (
				A494F48027F3D80400A01E8C /* Base */,
			);
			name = LaunchScreen.storyboard;
			sourceTree = "<group>";
		};
/* End PBXVariantGroup section */

/* Begin XCBuildConfiguration section */
		A494F49927F3D80400A01E8C /* Debug */ = {
			isa = XCBuildConfiguration;
			buildSettings = {
				ALWAYS_SEARCH_USER_PATHS = NO;
				CLANG_ANALYZER_NONNULL = YES;
				CLANG_ANALYZER_NUMBER_OBJECT_CONVERSION = YES_AGGRESSIVE;
				CLANG_CXX_LANGUAGE_STANDARD = "gnu++17";
				CLANG_CXX_LIBRARY = "libc++";
				CLANG_ENABLE_MODULES = YES;
				CLANG_ENABLE_OBJC_ARC = YES;
				CLANG_ENABLE_OBJC_WEAK = YES;
				CLANG_WARN_BLOCK_CAPTURE_AUTORELEASING = YES;
				CLANG_WARN_BOOL_CONVERSION = YES;
				CLANG_WARN_COMMA = YES;
				CLANG_WARN_CONSTANT_CONVERSION = YES;
				CLANG_WARN_DEPRECATED_OBJC_IMPLEMENTATIONS = YES;
				CLANG_WARN_DIRECT_OBJC_ISA_USAGE = YES_ERROR;
				CLANG_WARN_DOCUMENTATION_COMMENTS = YES;
				CLANG_WARN_EMPTY_BODY = YES;
				CLANG_WARN_ENUM_CONVERSION = YES;
				CLANG_WARN_INFINITE_RECURSION = YES;
				CLANG_WARN_INT_CONVERSION = YES;
				CLANG_WARN_NON_LITERAL_NULL_CONVERSION = YES;
				CLANG_WARN_OBJC_IMPLICIT_RETAIN_SELF = YES;
				CLANG_WARN_OBJC_LITERAL_CONVERSION = YES;
				CLANG_WARN_OBJC_ROOT_CLASS = YES_ERROR;
				CLANG_WARN_QUOTED_INCLUDE_IN_FRAMEWORK_HEADER = YES;
				CLANG_WARN_RANGE_LOOP_ANALYSIS = YES;
				CLANG_WARN_STRICT_PROTOTYPES = YES;
				CLANG_WARN_SUSPICIOUS_MOVE = YES;
				CLANG_WARN_UNGUARDED_AVAILABILITY = YES_AGGRESSIVE;
				CLANG_WARN_UNREACHABLE_CODE = YES;
				CLANG_WARN__DUPLICATE_METHOD_MATCH = YES;
				COPY_PHASE_STRIP = NO;
				DEBUG_INFORMATION_FORMAT = dwarf;
				ENABLE_STRICT_OBJC_MSGSEND = YES;
				ENABLE_TESTABILITY = YES;
				GCC_C_LANGUAGE_STANDARD = gnu11;
				GCC_DYNAMIC_NO_PIC = NO;
				GCC_NO_COMMON_BLOCKS = YES;
				GCC_OPTIMIZATION_LEVEL = 0;
				GCC_PREPROCESSOR_DEFINITIONS = (
					"DEBUG=1",
					"$(inherited)",
				);
				GCC_WARN_64_TO_32_BIT_CONVERSION = YES;
				GCC_WARN_ABOUT_RETURN_TYPE = YES_ERROR;
				GCC_WARN_UNDECLARED_SELECTOR = YES;
				GCC_WARN_UNINITIALIZED_AUTOS = YES_AGGRESSIVE;
				GCC_WARN_UNUSED_FUNCTION = YES;
				GCC_WARN_UNUSED_VARIABLE = YES;
				IPHONEOS_DEPLOYMENT_TARGET = 15.2;
				MTL_ENABLE_DEBUG_INFO = INCLUDE_SOURCE;
				MTL_FAST_MATH = YES;
				ONLY_ACTIVE_ARCH = YES;
				SDKROOT = iphoneos;
				SWIFT_ACTIVE_COMPILATION_CONDITIONS = DEBUG;
				SWIFT_OPTIMIZATION_LEVEL = "-Onone";
			};
			name = Debug;
		};
		A494F49A27F3D80400A01E8C /* Release */ = {
			isa = XCBuildConfiguration;
			buildSettings = {
				ALWAYS_SEARCH_USER_PATHS = NO;
				CLANG_ANALYZER_NONNULL = YES;
				CLANG_ANALYZER_NUMBER_OBJECT_CONVERSION = YES_AGGRESSIVE;
				CLANG_CXX_LANGUAGE_STANDARD = "gnu++17";
				CLANG_CXX_LIBRARY = "libc++";
				CLANG_ENABLE_MODULES = YES;
				CLANG_ENABLE_OBJC_ARC = YES;
				CLANG_ENABLE_OBJC_WEAK = YES;
				CLANG_WARN_BLOCK_CAPTURE_AUTORELEASING = YES;
				CLANG_WARN_BOOL_CONVERSION = YES;
				CLANG_WARN_COMMA = YES;
				CLANG_WARN_CONSTANT_CONVERSION = YES;
				CLANG_WARN_DEPRECATED_OBJC_IMPLEMENTATIONS = YES;
				CLANG_WARN_DIRECT_OBJC_ISA_USAGE = YES_ERROR;
				CLANG_WARN_DOCUMENTATION_COMMENTS = YES;
				CLANG_WARN_EMPTY_BODY = YES;
				CLANG_WARN_ENUM_CONVERSION = YES;
				CLANG_WARN_INFINITE_RECURSION = YES;
				CLANG_WARN_INT_CONVERSION = YES;
				CLANG_WARN_NON_LITERAL_NULL_CONVERSION = YES;
				CLANG_WARN_OBJC_IMPLICIT_RETAIN_SELF = YES;
				CLANG_WARN_OBJC_LITERAL_CONVERSION = YES;
				CLANG_WARN_OBJC_ROOT_CLASS = YES_ERROR;
				CLANG_WARN_QUOTED_INCLUDE_IN_FRAMEWORK_HEADER = YES;
				CLANG_WARN_RANGE_LOOP_ANALYSIS = YES;
				CLANG_WARN_STRICT_PROTOTYPES = YES;
				CLANG_WARN_SUSPICIOUS_MOVE = YES;
				CLANG_WARN_UNGUARDED_AVAILABILITY = YES_AGGRESSIVE;
				CLANG_WARN_UNREACHABLE_CODE = YES;
				CLANG_WARN__DUPLICATE_METHOD_MATCH = YES;
				COPY_PHASE_STRIP = NO;
				DEBUG_INFORMATION_FORMAT = "dwarf-with-dsym";
				ENABLE_NS_ASSERTIONS = NO;
				ENABLE_STRICT_OBJC_MSGSEND = YES;
				GCC_C_LANGUAGE_STANDARD = gnu11;
				GCC_NO_COMMON_BLOCKS = YES;
				GCC_WARN_64_TO_32_BIT_CONVERSION = YES;
				GCC_WARN_ABOUT_RETURN_TYPE = YES_ERROR;
				GCC_WARN_UNDECLARED_SELECTOR = YES;
				GCC_WARN_UNINITIALIZED_AUTOS = YES_AGGRESSIVE;
				GCC_WARN_UNUSED_FUNCTION = YES;
				GCC_WARN_UNUSED_VARIABLE = YES;
				IPHONEOS_DEPLOYMENT_TARGET = 15.2;
				MTL_ENABLE_DEBUG_INFO = NO;
				MTL_FAST_MATH = YES;
				SDKROOT = iphoneos;
				SWIFT_COMPILATION_MODE = wholemodule;
				SWIFT_OPTIMIZATION_LEVEL = "-O";
				VALIDATE_PRODUCT = YES;
			};
			name = Release;
		};
		A494F49C27F3D80400A01E8C /* Debug */ = {
			isa = XCBuildConfiguration;
			buildSettings = {
				ASSETCATALOG_COMPILER_APPICON_NAME = AppIcon;
				ASSETCATALOG_COMPILER_GLOBAL_ACCENT_COLOR_NAME = AccentColor;
				CODE_SIGN_STYLE = Automatic;
				CURRENT_PROJECT_VERSION = 1;
				GENERATE_INFOPLIST_FILE = YES;
				INFOPLIST_FILE = SocialSearchHub/Info.plist;
				INFOPLIST_KEY_UIApplicationSupportsIndirectInputEvents = YES;
				INFOPLIST_KEY_UILaunchStoryboardName = LaunchScreen;
				INFOPLIST_KEY_UIMainStoryboardFile = Main;
				INFOPLIST_KEY_UISupportedInterfaceOrientations_iPad = "UIInterfaceOrientationPortrait UIInterfaceOrientationPortraitUpsideDown UIInterfaceOrientationLandscapeLeft UIInterfaceOrientationLandscapeRight";
				INFOPLIST_KEY_UISupportedInterfaceOrientations_iPhone = "UIInterfaceOrientationPortrait UIInterfaceOrientationLandscapeLeft UIInterfaceOrientationLandscapeRight";
				LD_RUNPATH_SEARCH_PATHS = (
					"$(inherited)",
					"@executable_path/Frameworks",
				);
				MARKETING_VERSION = 1.0;
				PRODUCT_BUNDLE_IDENTIFIER = com.hu.SocialSearchHub;
				PRODUCT_NAME = "$(TARGET_NAME)";
				SWIFT_EMIT_LOC_STRINGS = YES;
				SWIFT_VERSION = 5.0;
				TARGETED_DEVICE_FAMILY = "1,2";
			};
			name = Debug;
		};
		A494F49D27F3D80400A01E8C /* Release */ = {
			isa = XCBuildConfiguration;
			buildSettings = {
				ASSETCATALOG_COMPILER_APPICON_NAME = AppIcon;
				ASSETCATALOG_COMPILER_GLOBAL_ACCENT_COLOR_NAME = AccentColor;
				CODE_SIGN_STYLE = Automatic;
				CURRENT_PROJECT_VERSION = 1;
				GENERATE_INFOPLIST_FILE = YES;
				INFOPLIST_FILE = SocialSearchHub/Info.plist;
				INFOPLIST_KEY_UIApplicationSupportsIndirectInputEvents = YES;
				INFOPLIST_KEY_UILaunchStoryboardName = LaunchScreen;
				INFOPLIST_KEY_UIMainStoryboardFile = Main;
				INFOPLIST_KEY_UISupportedInterfaceOrientations_iPad = "UIInterfaceOrientationPortrait UIInterfaceOrientationPortraitUpsideDown UIInterfaceOrientationLandscapeLeft UIInterfaceOrientationLandscapeRight";
				INFOPLIST_KEY_UISupportedInterfaceOrientations_iPhone = "UIInterfaceOrientationPortrait UIInterfaceOrientationLandscapeLeft UIInterfaceOrientationLandscapeRight";
				LD_RUNPATH_SEARCH_PATHS = (
					"$(inherited)",
					"@executable_path/Frameworks",
				);
				MARKETING_VERSION = 1.0;
				PRODUCT_BUNDLE_IDENTIFIER = com.hu.SocialSearchHub;
				PRODUCT_NAME = "$(TARGET_NAME)";
				SWIFT_EMIT_LOC_STRINGS = YES;
				SWIFT_VERSION = 5.0;
				TARGETED_DEVICE_FAMILY = "1,2";
			};
			name = Release;
		};
		A494F49F27F3D80400A01E8C /* Debug */ = {
			isa = XCBuildConfiguration;
			buildSettings = {
				ALWAYS_EMBED_SWIFT_STANDARD_LIBRARIES = YES;
				BUNDLE_LOADER = "$(TEST_HOST)";
				CODE_SIGN_STYLE = Automatic;
				CURRENT_PROJECT_VERSION = 1;
				GENERATE_INFOPLIST_FILE = YES;
				IPHONEOS_DEPLOYMENT_TARGET = 15.2;
				MARKETING_VERSION = 1.0;
				PRODUCT_BUNDLE_IDENTIFIER = com.hu.SocialSearchHubTests;
				PRODUCT_NAME = "$(TARGET_NAME)";
				SWIFT_EMIT_LOC_STRINGS = NO;
				SWIFT_VERSION = 5.0;
				TARGETED_DEVICE_FAMILY = "1,2";
				TEST_HOST = "$(BUILT_PRODUCTS_DIR)/SocialSearchHub.app/SocialSearchHub";
			};
			name = Debug;
		};
		A494F4A027F3D80400A01E8C /* Release */ = {
			isa = XCBuildConfiguration;
			buildSettings = {
				ALWAYS_EMBED_SWIFT_STANDARD_LIBRARIES = YES;
				BUNDLE_LOADER = "$(TEST_HOST)";
				CODE_SIGN_STYLE = Automatic;
				CURRENT_PROJECT_VERSION = 1;
				GENERATE_INFOPLIST_FILE = YES;
				IPHONEOS_DEPLOYMENT_TARGET = 15.2;
				MARKETING_VERSION = 1.0;
				PRODUCT_BUNDLE_IDENTIFIER = com.hu.SocialSearchHubTests;
				PRODUCT_NAME = "$(TARGET_NAME)";
				SWIFT_EMIT_LOC_STRINGS = NO;
				SWIFT_VERSION = 5.0;
				TARGETED_DEVICE_FAMILY = "1,2";
				TEST_HOST = "$(BUILT_PRODUCTS_DIR)/SocialSearchHub.app/SocialSearchHub";
			};
			name = Release;
		};
		A494F4A227F3D80400A01E8C /* Debug */ = {
			isa = XCBuildConfiguration;
			buildSettings = {
				ALWAYS_EMBED_SWIFT_STANDARD_LIBRARIES = YES;
				CODE_SIGN_STYLE = Automatic;
				CURRENT_PROJECT_VERSION = 1;
				GENERATE_INFOPLIST_FILE = YES;
				MARKETING_VERSION = 1.0;
				PRODUCT_BUNDLE_IDENTIFIER = com.hu.SocialSearchHubUITests;
				PRODUCT_NAME = "$(TARGET_NAME)";
				SWIFT_EMIT_LOC_STRINGS = NO;
				SWIFT_VERSION = 5.0;
				TARGETED_DEVICE_FAMILY = "1,2";
				TEST_TARGET_NAME = SocialSearchHub;
			};
			name = Debug;
		};
		A494F4A327F3D80400A01E8C /* Release */ = {
			isa = XCBuildConfiguration;
			buildSettings = {
				ALWAYS_EMBED_SWIFT_STANDARD_LIBRARIES = YES;
				CODE_SIGN_STYLE = Automatic;
				CURRENT_PROJECT_VERSION = 1;
				GENERATE_INFOPLIST_FILE = YES;
				MARKETING_VERSION = 1.0;
				PRODUCT_BUNDLE_IDENTIFIER = com.hu.SocialSearchHubUITests;
				PRODUCT_NAME = "$(TARGET_NAME)";
				SWIFT_EMIT_LOC_STRINGS = NO;
				SWIFT_VERSION = 5.0;
				TARGETED_DEVICE_FAMILY = "1,2";
				TEST_TARGET_NAME = SocialSearchHub;
			};
			name = Release;
		};
/* End XCBuildConfiguration section */

/* Begin XCConfigurationList section */
		A494F46C27F3D7FA00A01E8C /* Build configuration list for PBXProject "SocialSearchHub" */ = {
			isa = XCConfigurationList;
			buildConfigurations = (
				A494F49927F3D80400A01E8C /* Debug */,
				A494F49A27F3D80400A01E8C /* Release */,
			);
			defaultConfigurationIsVisible = 0;
			defaultConfigurationName = Release;
		};
		A494F49B27F3D80400A01E8C /* Build configuration list for PBXNativeTarget "SocialSearchHub" */ = {
			isa = XCConfigurationList;
			buildConfigurations = (
				A494F49C27F3D80400A01E8C /* Debug */,
				A494F49D27F3D80400A01E8C /* Release */,
			);
			defaultConfigurationIsVisible = 0;
			defaultConfigurationName = Release;
		};
		A494F49E27F3D80400A01E8C /* Build configuration list for PBXNativeTarget "SocialSearchHubTests" */ = {
			isa = XCConfigurationList;
			buildConfigurations = (
				A494F49F27F3D80400A01E8C /* Debug */,
				A494F4A027F3D80400A01E8C /* Release */,
			);
			defaultConfigurationIsVisible = 0;
			defaultConfigurationName = Release;
		};
		A494F4A127F3D80400A01E8C /* Build configuration list for PBXNativeTarget "SocialSearchHubUITests" */ = {
			isa = XCConfigurationList;
			buildConfigurations = (
				A494F4A227F3D80400A01E8C /* Debug */,
				A494F4A327F3D80400A01E8C /* Release */,
			);
			defaultConfigurationIsVisible = 0;
			defaultConfigurationName = Release;
		};
/* End XCConfigurationList section */
	};
	rootObject = A494F46927F3D7FA00A01E8C /* Project object */;
}
